<?xml version="1.0" encoding="utf-8"?>
<Project ToolsVersion="4.0" xmlns="http://schemas.microsoft.com/developer/msbuild/2003">
  <ItemGroup>
    <ClCompile Include="CloudMesureToolPlugin.cpp" />
    <ClCompile Include="LUA\lapi.c">
      <Filter>Lua</Filter>
    </ClCompile>
    <ClCompile Include="LUA\lauxlib.c">
      <Filter>Lua</Filter>
    </ClCompile>
    <ClCompile Include="LUA\lbaselib.c">
      <Filter>Lua</Filter>
    </ClCompile>
    <ClCompile Include="LUA\lcode.c">
      <Filter>Lua</Filter>
    </ClCompile>
    <ClCompile Include="LUA\lcorolib.c">
      <Filter>Lua</Filter>
    </ClCompile>
    <ClCompile Include="LUA\lctype.c">
      <Filter>Lua</Filter>
    </ClCompile>
    <ClCompile Include="LUA\ldblib.c">
      <Filter>Lua</Filter>
    </ClCompile>
    <ClCompile Include="LUA\ldebug.c">
      <Filter>Lua</Filter>
    </ClCompile>
    <ClCompile Include="LUA\ldo.c">
      <Filter>Lua</Filter>
    </ClCompile>
    <ClCompile Include="LUA\ldump.c">
      <Filter>Lua</Filter>
    </ClCompile>
    <ClCompile Include="LUA\lfunc.c">
      <Filter>Lua</Filter>
    </ClCompile>
    <ClCompile Include="LUA\lgc.c">
      <Filter>Lua</Filter>
    </ClCompile>
    <ClCompile Include="LUA\linit.c">
      <Filter>Lua</Filter>
    </ClCompile>
    <ClCompile Include="LUA\liolib.c">
      <Filter>Lua</Filter>
    </ClCompile>
    <ClCompile Include="LUA\llex.c">
      <Filter>Lua</Filter>
    </ClCompile>
    <ClCompile Include="LUA\lmathlib.c">
      <Filter>Lua</Filter>
    </ClCompile>
    <ClCompile Include="LUA\lmem.c">
      <Filter>Lua</Filter>
    </ClCompile>
    <ClCompile Include="LUA\loadlib.c">
      <Filter>Lua</Filter>
    </ClCompile>
    <ClCompile Include="LUA\lobject.c">
      <Filter>Lua</Filter>
    </ClCompile>
    <ClCompile Include="LUA\lopcodes.c">
      <Filter>Lua</Filter>
    </ClCompile>
    <ClCompile Include="LUA\loslib.c">
      <Filter>Lua</Filter>
    </ClCompile>
    <ClCompile Include="LUA\lparser.c">
      <Filter>Lua</Filter>
    </ClCompile>
    <ClCompile Include="LUA\lstate.c">
      <Filter>Lua</Filter>
    </ClCompile>
    <ClCompile Include="LUA\lstring.c">
      <Filter>Lua</Filter>
    </ClCompile>
    <ClCompile Include="LUA\lstrlib.c">
      <Filter>Lua</Filter>
    </ClCompile>
    <ClCompile Include="LUA\ltable.c">
      <Filter>Lua</Filter>
    </ClCompile>
    <ClCompile Include="LUA\ltablib.c">
      <Filter>Lua</Filter>
    </ClCompile>
    <ClCompile Include="LUA\ltm.c">
      <Filter>Lua</Filter>
    </ClCompile>
    <ClCompile Include="LUA\lua.c">
      <Filter>Lua</Filter>
    </ClCompile>
    <ClCompile Include="LUA\luac.c">
      <Filter>Lua</Filter>
    </ClCompile>
    <ClCompile Include="LUA\lundump.c">
      <Filter>Lua</Filter>
    </ClCompile>
    <ClCompile Include="LUA\lutf8lib.c">
      <Filter>Lua</Filter>
    </ClCompile>
    <ClCompile Include="LUA\lvm.c">
      <Filter>Lua</Filter>
    </ClCompile>
    <ClCompile Include="LUA\lzio.c">
      <Filter>Lua</Filter>
    </ClCompile>
    <ClCompile Include="frmScriptEditTool.cpp" />
    <ClCompile Include="LLState.cpp" />
    <ClCompile Include="QsciWidget.cpp" />
    <ClCompile Include="ScriptEditTool.cpp" />
  </ItemGroup>
  <ItemGroup>
    <CustomBuild Include="debug\moc_predefs.h.cbt" />
    <CustomBuild Include="release\moc_predefs.h.cbt" />
  </ItemGroup>
  <ItemGroup>
    <QtMoc Include="CloudMesureToolPlugin.h" />
    <QtMoc Include="ScriptEditTool.h" />
    <QtMoc Include="frmScriptEditTool.h" />
  </ItemGroup>
  <ItemGroup>
    <None Include="CloudMesureToolPlugin.json" />
  </ItemGroup>
  <ItemGroup>
    <Filter Include="Lua">
      <UniqueIdentifier>{f2193664-1c20-42a5-9c4f-0e99d1050e39}</UniqueIdentifier>
    </Filter>
    <Filter Include="Translation Files">
      <UniqueIdentifier>{639EADAA-A684-42e4-A9AD-28FC9BCB8F7C}</UniqueIdentifier>
      <Extensions>ts</Extensions>
      <ParseFiles>false</ParseFiles>
    </Filter>
  </ItemGroup>
  <ItemGroup>
    <ClInclude Include="LUA\lapi.h">
      <Filter>Lua</Filter>
    </ClInclude>
    <ClInclude Include="LUA\lauxlib.h">
      <Filter>Lua</Filter>
    </ClInclude>
    <ClInclude Include="LUA\lcode.h">
      <Filter>Lua</Filter>
    </ClInclude>
    <ClInclude Include="LUA\lctype.h">
      <Filter>Lua</Filter>
    </ClInclude>
    <ClInclude Include="LUA\ldebug.h">
      <Filter>Lua</Filter>
    </ClInclude>
    <ClInclude Include="LUA\ldo.h">
      <Filter>Lua</Filter>
    </ClInclude>
    <ClInclude Include="LUA\lfunc.h">
      <Filter>Lua</Filter>
    </ClInclude>
    <ClInclude Include="LUA\lgc.h">
      <Filter>Lua</Filter>
    </ClInclude>
    <ClInclude Include="LUA\ljumptab.h">
      <Filter>Lua</Filter>
    </ClInclude>
    <ClInclude Include="LUA\llex.h">
      <Filter>Lua</Filter>
    </ClInclude>
    <ClInclude Include="LUA\llimits.h">
      <Filter>Lua</Filter>
    </ClInclude>
    <ClInclude Include="LUA\lmem.h">
      <Filter>Lua</Filter>
    </ClInclude>
    <ClInclude Include="LUA\lobject.h">
      <Filter>Lua</Filter>
    </ClInclude>
    <ClInclude Include="LUA\lopcodes.h">
      <Filter>Lua</Filter>
    </ClInclude>
    <ClInclude Include="LUA\lopnames.h">
      <Filter>Lua</Filter>
    </ClInclude>
    <ClInclude Include="LUA\lparser.h">
      <Filter>Lua</Filter>
    </ClInclude>
    <ClInclude Include="LUA\lprefix.h">
      <Filter>Lua</Filter>
    </ClInclude>
    <ClInclude Include="LUA\lstate.h">
      <Filter>Lua</Filter>
    </ClInclude>
    <ClInclude Include="LUA\lstring.h">
      <Filter>Lua</Filter>
    </ClInclude>
    <ClInclude Include="LUA\ltable.h">
      <Filter>Lua</Filter>
    </ClInclude>
    <ClInclude Include="LUA\ltm.h">
      <Filter>Lua</Filter>
    </ClInclude>
    <ClInclude Include="LUA\lua.h">
      <Filter>Lua</Filter>
    </ClInclude>
    <ClInclude Include="LUA\lua.hpp">
      <Filter>Lua</Filter>
    </ClInclude>
    <ClInclude Include="LUA\luaconf.h">
      <Filter>Lua</Filter>
    </ClInclude>
    <ClInclude Include="LUA\lualib.h">
      <Filter>Lua</Filter>
    </ClInclude>
    <ClInclude Include="LUA\lundump.h">
      <Filter>Lua</Filter>
    </ClInclude>
    <ClInclude Include="LUA\lvm.h">
      <Filter>Lua</Filter>
    </ClInclude>
    <ClInclude Include="LUA\lzio.h">
      <Filter>Lua</Filter>
    </ClInclude>
    <ClInclude Include="Defs.h" />
    <ClInclude Include="LLState.h" />
    <ClInclude Include="QsciWidget.h" />
  </ItemGroup>
  <ItemGroup>
    <QtTranslation Include="scriptedittoolplugin_zh.ts">
      <Filter>Translation Files</Filter>
    </QtTranslation>
    <QtTranslation Include="scriptedittoolplugin_en.ts">
      <Filter>Translation Files</Filter>
    </QtTranslation>
  </ItemGroup>
  <ItemGroup>
    <QtUic Include="frmScriptEditTool.ui" />
  </ItemGroup>
</Project>