Microsoft Visual Studio Solution File, Format Version 12.00
# Visual Studio 14
VisualStudioVersion = 14.0.25420.1
MinimumVisualStudioVersion = 10.0.40219.1
Project("{8BC9CEB8-8B4A-11D0-8D11-00A0C91BC942}") = "SARibbonBar", "src\SARibbonBar\SARibbonBar.vcxproj", "{774E18B5-4D26-35D5-9CA1-3C2560115C3D}"
EndProject
Project("{8BC9CEB8-8B4A-11D0-8D11-00A0C91BC942}") = "QtCoreFlowTool", "src\QtCoreFlowTool\QtCoreFlowTool.vcxproj", "{B12702AD-ABFB-343A-A199-8E24837244A3}"
EndProject
Project("{2150E333-8FDC-42A3-9474-1A3956D46DE8}") = "Cameras", "Cameras", "{996CC259-551A-4C33-A965-7E6A03BD10CE}"
EndProject
Project("{8BC9CEB8-8B4A-11D0-8D11-00A0C91BC942}") = "CameraDHPlugin", "src\Vision\DH\CameraDHPlugin.vcxproj", "{C7F5E3C6-1D2C-46B3-B73D-23D2AD7C2A94}"
EndProject
Project("{2150E333-8FDC-42A3-9474-1A3956D46DE8}") = "Plugins", "Plugins", "{9DB05675-D35B-498D-884E-75F2B7CC5538}"
EndProject
Project("{8BC9CEB8-8B4A-11D0-8D11-00A0C91BC942}") = "QApplication", "src\QApplication\QApplication.vcxproj", "{F1A02DF2-C9F7-3A66-892A-DC143708357A}"
EndProject
Project("{8BC9CEB8-8B4A-11D0-8D11-00A0C91BC942}") = "qtadvanceddocking", "src\Dock\qtadvanceddocking.vcxproj", "{C216523D-8BA2-3ACC-B20B-66489C5E4D99}"
EndProject
Project("{2150E333-8FDC-42A3-9474-1A3956D46DE8}") = "1.Start", "1.Start", "{A2AF6620-12D1-4E31-88C9-A15DD9D20CCA}"
EndProject
Project("{2150E333-8FDC-42A3-9474-1A3956D46DE8}") = "logic", "logic", "{E071FA67-87D8-4855-AC57-16BAF9A636DD}"
EndProject
Project("{8BC9CEB8-8B4A-11D0-8D11-00A0C91BC942}") = "IFToolToolPlugin", "src\Plugins\logic\IFToolPlugin\IFToolToolPlugin.vcxproj", "{ED3AABC5-32C6-45A1-B3C8-DAD741753274}"
EndProject
Project("{8BC9CEB8-8B4A-11D0-8D11-00A0C91BC942}") = "ForToolPlugin", "src\Plugins\logic\ForToolPlugin\ForToolToolPlugin.vcxproj", "{91B04E6A-9B8C-4871-B774-4EEA6D860E9C}"
EndProject
Project("{8BC9CEB8-8B4A-11D0-8D11-00A0C91BC942}") = "EndToolPlugin", "src\Plugins\logic\EndToolPlugin\EndToolPlugin.vcxproj", "{3C11B13D-F501-47E2-B602-2F99F01B33A3}"
EndProject
Project("{2150E333-8FDC-42A3-9474-1A3956D46DE8}") = "System", "System", "{948059F6-A30E-406D-B497-6F219788B566}"
EndProject
Project("{8BC9CEB8-8B4A-11D0-8D11-00A0C91BC942}") = "RunFlowToolPlugin", "src\Plugins\System\RunCallToolPlugin\RunCallToolPlugin.vcxproj", "{04B90DDB-41F0-4FE4-8700-6B50201FD278}"
EndProject
Project("{8BC9CEB8-8B4A-11D0-8D11-00A0C91BC942}") = "DelayToolPlugin", "src\Plugins\System\DelayToolPlugin\DealayToolPlugin.vcxproj", "{81A526B5-9F46-4463-AD8A-A6EE99F889BD}"
EndProject
Project("{2150E333-8FDC-42A3-9474-1A3956D46DE8}") = "2.Image", "2.Image", "{4108080C-A894-4E8E-A1B9-87894303B581}"
EndProject
Project("{8BC9CEB8-8B4A-11D0-8D11-00A0C91BC942}") = "MatchToolToolPlugin", "src\Plugins\2.Image\MatchToolPlugin\MatchToolPlugin.vcxproj", "{D5380CC1-6189-4E29-8F69-B519D61EBF57}"
EndProject
Project("{8BC9CEB8-8B4A-11D0-8D11-00A0C91BC942}") = "1.StartToolToolPlugin", "src\Plugins\1.Start\StartToolPlugin\StartToolPlugin.vcxproj", "{4D042019-CD8A-4E79-B16E-FEA96AE558AF}"
EndProject
Project("{8BC9CEB8-8B4A-11D0-8D11-00A0C91BC942}") = "GetImageToolPlugin", "src\Plugins\2.Image\GetImageToolPlugin\GetImageToolPlugin.vcxproj", "{17611204-325F-46CF-A89F-00D81A5BA242}"
EndProject
Project("{8BC9CEB8-8B4A-11D0-8D11-00A0C91BC942}") = "SaveImageToolPlugin", "src\Plugins\2.Image\SaveImageToolPlugin\SaveImageToolPlugin.vcxproj", "{3B25998C-F39A-4060-A09E-1A8627C1B600}"
EndProject
Project("{2150E333-8FDC-42A3-9474-1A3956D46DE8}") = "Keys", "Keys", "{3CFBFC4F-B392-4078-8835-786528A88070}"
EndProject
Project("{8BC9CEB8-8B4A-11D0-8D11-00A0C91BC942}") = "ShowImagePlugin", "src\Plugins\2.Image\ImageShowToolPlugin\ImageShowToolPlugin.vcxproj", "{B1C3F935-5C52-4D3B-B842-565EF9AC814F}"
EndProject
Project("{8BC9CEB8-8B4A-11D0-8D11-00A0C91BC942}") = "CameraHIKPlugin", "src\Vision\HIK\CameraHIKPlugin.vcxproj", "{A0048D4E-2833-4D99-9A60-063BD962864F}"
EndProject
Project("{8BC9CEB8-8B4A-11D0-8D11-00A0C91BC942}") = "Camera3DSSZNPlugin", "src\Vision\3DSSZN\Camera3DSSZNPlugin.vcxproj", "{1E96EB63-EDE5-4C91-AF26-6C57CADD38A3}"
EndProject
Project("{8BC9CEB8-8B4A-11D0-8D11-00A0C91BC942}") = "Camera3D_KEYENCEPlugin", "src\Vision\3DKEYENCE\Camera3D_KEYENCEPlugin.vcxproj", "{2602EDAA-26DF-3983-AA1E-3FCA83DCB39D}"
EndProject
Project("{2150E333-8FDC-42A3-9474-1A3956D46DE8}") = "3.3D", "3.3D", "{21016D0D-F292-479E-8090-560509146D05}"
EndProject
Project("{8BC9CEB8-8B4A-11D0-8D11-00A0C91BC942}") = "PlaneFitToolPlugin", "src\Plugins\3.3DDeal\PlaneFitToolPlugin\PlaneFitToolPlugin.vcxproj", "{47B86A9F-F49F-403A-AAA0-4935C425BF5C}"
EndProject
Project("{8BC9CEB8-8B4A-11D0-8D11-00A0C91BC942}") = "ScaleToolPlugin", "src\Plugins\3.3DDeal\ScaleToolPlugin\ScaleToolPlugin.vcxproj", "{63C26BEF-3642-47A3-A571-B1852B725DF2}"
EndProject
Project("{8BC9CEB8-8B4A-11D0-8D11-00A0C91BC942}") = "CloudMesureToolPlugin", "src\Plugins\3.3DDeal\CloudMesureToolPlugin\CloudMesureToolPlugin.vcxproj", "{AE2B6D5D-7519-4F06-882F-DDAA76CD3153}"
EndProject
Project("{8BC9CEB8-8B4A-11D0-8D11-00A0C91BC942}") = "DeComposeToolPlugin", "src\Plugins\3.3DDeal\DeComposeToolPlugin\DeComposeToolPlugin.vcxproj", "{4A65B4CF-AC80-4AE8-9696-2D2634B82EED}"
EndProject
Project("{8BC9CEB8-8B4A-11D0-8D11-00A0C91BC942}") = "GlueMeasureToolPlugin", "src\Plugins\3.3DDeal\GlueMeasureToolPlugin\GlueMeasureToolPlugin.vcxproj", "{7B32BB7A-1329-4527-B4DC-7C007DF912B8}"
EndProject
Project("{8BC9CEB8-8B4A-11D0-8D11-00A0C91BC942}") = "OutLineDetectToolPlugin", "src\Plugins\3.3DDeal\OutLineDetectToolPlugin\OutLineDetectToolPlugin.vcxproj", "{A2071E4B-2852-4988-A7B9-B676C4A557D3}"
EndProject
Project("{8BC9CEB8-8B4A-11D0-8D11-00A0C91BC942}") = "ScriptEditToolPlugin", "src\Plugins\System\ScriptEditToolPlugin\ScriptEditToolPlugin.vcxproj", "{949BCFFA-610A-4810-8E6B-79E5DA9B01A9}"
EndProject
Project("{8BC9CEB8-8B4A-11D0-8D11-00A0C91BC942}") = "VariableToolPlugin", "src\Plugins\System\VariableToolPlugin\VariableToolPlugin.vcxproj", "{6E51AAF3-10BF-41FB-8A70-0C0DBF160ED9}"
EndProject
Project("{8BC9CEB8-8B4A-11D0-8D11-00A0C91BC942}") = "LineCaliperToolPlugin", "src\Plugins\2.Image\LineCaliperToolPlugin\LineCaliperToolPlugin.vcxproj", "{F864380E-0D63-4600-91DD-C4FFD7E8D1D8}"
EndProject
Project("{8BC9CEB8-8B4A-11D0-8D11-00A0C91BC942}") = "ArcCaliperToolPlugin", "src\Plugins\2.Image\ArcCaliperToolPlugin\ArcCaliperToolPlugin.vcxproj", "{5229DD48-568C-4A9F-B7AF-4C4189770362}"
EndProject
Global
	GlobalSection(SolutionConfigurationPlatforms) = preSolution
		Debug|x64 = Debug|x64
		Release|x64 = Release|x64
	EndGlobalSection
	GlobalSection(ProjectConfigurationPlatforms) = postSolution
		{774E18B5-4D26-35D5-9CA1-3C2560115C3D}.Debug|x64.ActiveCfg = Debug|x64
		{774E18B5-4D26-35D5-9CA1-3C2560115C3D}.Debug|x64.Build.0 = Debug|x64
		{774E18B5-4D26-35D5-9CA1-3C2560115C3D}.Release|x64.ActiveCfg = Release|x64
		{774E18B5-4D26-35D5-9CA1-3C2560115C3D}.Release|x64.Build.0 = Release|x64
		{B12702AD-ABFB-343A-A199-8E24837244A3}.Debug|x64.ActiveCfg = Debug|x64
		{B12702AD-ABFB-343A-A199-8E24837244A3}.Debug|x64.Build.0 = Debug|x64
		{B12702AD-ABFB-343A-A199-8E24837244A3}.Release|x64.ActiveCfg = Release|x64
		{B12702AD-ABFB-343A-A199-8E24837244A3}.Release|x64.Build.0 = Release|x64
		{C7F5E3C6-1D2C-46B3-B73D-23D2AD7C2A94}.Debug|x64.ActiveCfg = Debug|x64
		{C7F5E3C6-1D2C-46B3-B73D-23D2AD7C2A94}.Debug|x64.Build.0 = Debug|x64
		{C7F5E3C6-1D2C-46B3-B73D-23D2AD7C2A94}.Release|x64.ActiveCfg = Release|x64
		{C7F5E3C6-1D2C-46B3-B73D-23D2AD7C2A94}.Release|x64.Build.0 = Release|x64
		{F1A02DF2-C9F7-3A66-892A-DC143708357A}.Debug|x64.ActiveCfg = Debug|x64
		{F1A02DF2-C9F7-3A66-892A-DC143708357A}.Debug|x64.Build.0 = Debug|x64
		{F1A02DF2-C9F7-3A66-892A-DC143708357A}.Release|x64.ActiveCfg = Release|x64
		{F1A02DF2-C9F7-3A66-892A-DC143708357A}.Release|x64.Build.0 = Release|x64
		{C216523D-8BA2-3ACC-B20B-66489C5E4D99}.Debug|x64.ActiveCfg = Debug|x64
		{C216523D-8BA2-3ACC-B20B-66489C5E4D99}.Debug|x64.Build.0 = Debug|x64
		{C216523D-8BA2-3ACC-B20B-66489C5E4D99}.Release|x64.ActiveCfg = Release|x64
		{C216523D-8BA2-3ACC-B20B-66489C5E4D99}.Release|x64.Build.0 = Release|x64
		{ED3AABC5-32C6-45A1-B3C8-DAD741753274}.Debug|x64.ActiveCfg = Debug|x64
		{ED3AABC5-32C6-45A1-B3C8-DAD741753274}.Debug|x64.Build.0 = Debug|x64
		{ED3AABC5-32C6-45A1-B3C8-DAD741753274}.Release|x64.ActiveCfg = Release|x64
		{ED3AABC5-32C6-45A1-B3C8-DAD741753274}.Release|x64.Build.0 = Release|x64
		{91B04E6A-9B8C-4871-B774-4EEA6D860E9C}.Debug|x64.ActiveCfg = Debug|x64
		{91B04E6A-9B8C-4871-B774-4EEA6D860E9C}.Debug|x64.Build.0 = Debug|x64
		{91B04E6A-9B8C-4871-B774-4EEA6D860E9C}.Release|x64.ActiveCfg = Release|x64
		{91B04E6A-9B8C-4871-B774-4EEA6D860E9C}.Release|x64.Build.0 = Release|x64
		{3C11B13D-F501-47E2-B602-2F99F01B33A3}.Debug|x64.ActiveCfg = Debug|x64
		{3C11B13D-F501-47E2-B602-2F99F01B33A3}.Debug|x64.Build.0 = Debug|x64
		{3C11B13D-F501-47E2-B602-2F99F01B33A3}.Release|x64.ActiveCfg = Release|x64
		{3C11B13D-F501-47E2-B602-2F99F01B33A3}.Release|x64.Build.0 = Release|x64
		{04B90DDB-41F0-4FE4-8700-6B50201FD278}.Debug|x64.ActiveCfg = Debug|x64
		{04B90DDB-41F0-4FE4-8700-6B50201FD278}.Debug|x64.Build.0 = Debug|x64
		{04B90DDB-41F0-4FE4-8700-6B50201FD278}.Release|x64.ActiveCfg = Release|x64
		{04B90DDB-41F0-4FE4-8700-6B50201FD278}.Release|x64.Build.0 = Release|x64
		{81A526B5-9F46-4463-AD8A-A6EE99F889BD}.Debug|x64.ActiveCfg = Debug|x64
		{81A526B5-9F46-4463-AD8A-A6EE99F889BD}.Debug|x64.Build.0 = Debug|x64
		{81A526B5-9F46-4463-AD8A-A6EE99F889BD}.Release|x64.ActiveCfg = Release|x64
		{81A526B5-9F46-4463-AD8A-A6EE99F889BD}.Release|x64.Build.0 = Release|x64
		{D5380CC1-6189-4E29-8F69-B519D61EBF57}.Debug|x64.ActiveCfg = Debug|x64
		{D5380CC1-6189-4E29-8F69-B519D61EBF57}.Debug|x64.Build.0 = Debug|x64
		{D5380CC1-6189-4E29-8F69-B519D61EBF57}.Release|x64.ActiveCfg = Release|x64
		{D5380CC1-6189-4E29-8F69-B519D61EBF57}.Release|x64.Build.0 = Release|x64
		{4D042019-CD8A-4E79-B16E-FEA96AE558AF}.Debug|x64.ActiveCfg = Debug|x64
		{4D042019-CD8A-4E79-B16E-FEA96AE558AF}.Debug|x64.Build.0 = Debug|x64
		{4D042019-CD8A-4E79-B16E-FEA96AE558AF}.Release|x64.ActiveCfg = Release|x64
		{4D042019-CD8A-4E79-B16E-FEA96AE558AF}.Release|x64.Build.0 = Release|x64
		{17611204-325F-46CF-A89F-00D81A5BA242}.Debug|x64.ActiveCfg = Debug|x64
		{17611204-325F-46CF-A89F-00D81A5BA242}.Debug|x64.Build.0 = Debug|x64
		{17611204-325F-46CF-A89F-00D81A5BA242}.Release|x64.ActiveCfg = Release|x64
		{17611204-325F-46CF-A89F-00D81A5BA242}.Release|x64.Build.0 = Release|x64
		{3B25998C-F39A-4060-A09E-1A8627C1B600}.Debug|x64.ActiveCfg = Debug|x64
		{3B25998C-F39A-4060-A09E-1A8627C1B600}.Debug|x64.Build.0 = Debug|x64
		{3B25998C-F39A-4060-A09E-1A8627C1B600}.Release|x64.ActiveCfg = Release|x64
		{3B25998C-F39A-4060-A09E-1A8627C1B600}.Release|x64.Build.0 = Release|x64
		{B1C3F935-5C52-4D3B-B842-565EF9AC814F}.Debug|x64.ActiveCfg = Debug|x64
		{B1C3F935-5C52-4D3B-B842-565EF9AC814F}.Debug|x64.Build.0 = Debug|x64
		{B1C3F935-5C52-4D3B-B842-565EF9AC814F}.Release|x64.ActiveCfg = Release|x64
		{B1C3F935-5C52-4D3B-B842-565EF9AC814F}.Release|x64.Build.0 = Release|x64
		{A0048D4E-2833-4D99-9A60-063BD962864F}.Debug|x64.ActiveCfg = Debug|x64
		{A0048D4E-2833-4D99-9A60-063BD962864F}.Debug|x64.Build.0 = Debug|x64
		{A0048D4E-2833-4D99-9A60-063BD962864F}.Release|x64.ActiveCfg = Release|x64
		{A0048D4E-2833-4D99-9A60-063BD962864F}.Release|x64.Build.0 = Release|x64
		{1E96EB63-EDE5-4C91-AF26-6C57CADD38A3}.Debug|x64.ActiveCfg = Debug|x64
		{1E96EB63-EDE5-4C91-AF26-6C57CADD38A3}.Debug|x64.Build.0 = Debug|x64
		{1E96EB63-EDE5-4C91-AF26-6C57CADD38A3}.Release|x64.ActiveCfg = Release|x64
		{1E96EB63-EDE5-4C91-AF26-6C57CADD38A3}.Release|x64.Build.0 = Release|x64
		{2602EDAA-26DF-3983-AA1E-3FCA83DCB39D}.Debug|x64.ActiveCfg = Debug|x64
		{2602EDAA-26DF-3983-AA1E-3FCA83DCB39D}.Debug|x64.Build.0 = Debug|x64
		{2602EDAA-26DF-3983-AA1E-3FCA83DCB39D}.Release|x64.ActiveCfg = Release|x64
		{2602EDAA-26DF-3983-AA1E-3FCA83DCB39D}.Release|x64.Build.0 = Release|x64
		{47B86A9F-F49F-403A-AAA0-4935C425BF5C}.Debug|x64.ActiveCfg = Debug|x64
		{47B86A9F-F49F-403A-AAA0-4935C425BF5C}.Debug|x64.Build.0 = Debug|x64
		{47B86A9F-F49F-403A-AAA0-4935C425BF5C}.Release|x64.ActiveCfg = Release|x64
		{47B86A9F-F49F-403A-AAA0-4935C425BF5C}.Release|x64.Build.0 = Release|x64
		{63C26BEF-3642-47A3-A571-B1852B725DF2}.Debug|x64.ActiveCfg = Debug|x64
		{63C26BEF-3642-47A3-A571-B1852B725DF2}.Debug|x64.Build.0 = Debug|x64
		{63C26BEF-3642-47A3-A571-B1852B725DF2}.Release|x64.ActiveCfg = Release|x64
		{63C26BEF-3642-47A3-A571-B1852B725DF2}.Release|x64.Build.0 = Release|x64
		{AE2B6D5D-7519-4F06-882F-DDAA76CD3153}.Debug|x64.ActiveCfg = Debug|x64
		{AE2B6D5D-7519-4F06-882F-DDAA76CD3153}.Debug|x64.Build.0 = Debug|x64
		{AE2B6D5D-7519-4F06-882F-DDAA76CD3153}.Release|x64.ActiveCfg = Release|x64
		{AE2B6D5D-7519-4F06-882F-DDAA76CD3153}.Release|x64.Build.0 = Release|x64
		{4A65B4CF-AC80-4AE8-9696-2D2634B82EED}.Debug|x64.ActiveCfg = Debug|x64
		{4A65B4CF-AC80-4AE8-9696-2D2634B82EED}.Debug|x64.Build.0 = Debug|x64
		{4A65B4CF-AC80-4AE8-9696-2D2634B82EED}.Release|x64.ActiveCfg = Release|x64
		{4A65B4CF-AC80-4AE8-9696-2D2634B82EED}.Release|x64.Build.0 = Release|x64
		{7B32BB7A-1329-4527-B4DC-7C007DF912B8}.Debug|x64.ActiveCfg = Debug|x64
		{7B32BB7A-1329-4527-B4DC-7C007DF912B8}.Debug|x64.Build.0 = Debug|x64
		{7B32BB7A-1329-4527-B4DC-7C007DF912B8}.Release|x64.ActiveCfg = Release|x64
		{7B32BB7A-1329-4527-B4DC-7C007DF912B8}.Release|x64.Build.0 = Release|x64
		{A2071E4B-2852-4988-A7B9-B676C4A557D3}.Debug|x64.ActiveCfg = Debug|x64
		{A2071E4B-2852-4988-A7B9-B676C4A557D3}.Debug|x64.Build.0 = Debug|x64
		{A2071E4B-2852-4988-A7B9-B676C4A557D3}.Release|x64.ActiveCfg = Release|x64
		{A2071E4B-2852-4988-A7B9-B676C4A557D3}.Release|x64.Build.0 = Release|x64
		{949BCFFA-610A-4810-8E6B-79E5DA9B01A9}.Debug|x64.ActiveCfg = Debug|x64
		{949BCFFA-610A-4810-8E6B-79E5DA9B01A9}.Debug|x64.Build.0 = Debug|x64
		{949BCFFA-610A-4810-8E6B-79E5DA9B01A9}.Release|x64.ActiveCfg = Release|x64
		{949BCFFA-610A-4810-8E6B-79E5DA9B01A9}.Release|x64.Build.0 = Release|x64
		{6E51AAF3-10BF-41FB-8A70-0C0DBF160ED9}.Debug|x64.ActiveCfg = Debug|x64
		{6E51AAF3-10BF-41FB-8A70-0C0DBF160ED9}.Debug|x64.Build.0 = Debug|x64
		{6E51AAF3-10BF-41FB-8A70-0C0DBF160ED9}.Release|x64.ActiveCfg = Release|x64
		{6E51AAF3-10BF-41FB-8A70-0C0DBF160ED9}.Release|x64.Build.0 = Release|x64
		{F864380E-0D63-4600-91DD-C4FFD7E8D1D8}.Debug|x64.ActiveCfg = Debug|x64
		{F864380E-0D63-4600-91DD-C4FFD7E8D1D8}.Debug|x64.Build.0 = Debug|x64
		{F864380E-0D63-4600-91DD-C4FFD7E8D1D8}.Release|x64.ActiveCfg = Release|x64
		{F864380E-0D63-4600-91DD-C4FFD7E8D1D8}.Release|x64.Build.0 = Release|x64
		{5229DD48-568C-4A9F-B7AF-4C4189770362}.Debug|x64.ActiveCfg = Debug|x64
		{5229DD48-568C-4A9F-B7AF-4C4189770362}.Debug|x64.Build.0 = Debug|x64
		{5229DD48-568C-4A9F-B7AF-4C4189770362}.Release|x64.ActiveCfg = Release|x64
		{5229DD48-568C-4A9F-B7AF-4C4189770362}.Release|x64.Build.0 = Release|x64
	EndGlobalSection
	GlobalSection(SolutionProperties) = preSolution
		HideSolutionNode = FALSE
	EndGlobalSection
	GlobalSection(NestedProjects) = preSolution
		{C7F5E3C6-1D2C-46B3-B73D-23D2AD7C2A94} = {996CC259-551A-4C33-A965-7E6A03BD10CE}
		{A2AF6620-12D1-4E31-88C9-A15DD9D20CCA} = {9DB05675-D35B-498D-884E-75F2B7CC5538}
		{E071FA67-87D8-4855-AC57-16BAF9A636DD} = {9DB05675-D35B-498D-884E-75F2B7CC5538}
		{ED3AABC5-32C6-45A1-B3C8-DAD741753274} = {E071FA67-87D8-4855-AC57-16BAF9A636DD}
		{91B04E6A-9B8C-4871-B774-4EEA6D860E9C} = {E071FA67-87D8-4855-AC57-16BAF9A636DD}
		{3C11B13D-F501-47E2-B602-2F99F01B33A3} = {E071FA67-87D8-4855-AC57-16BAF9A636DD}
		{948059F6-A30E-406D-B497-6F219788B566} = {9DB05675-D35B-498D-884E-75F2B7CC5538}
		{04B90DDB-41F0-4FE4-8700-6B50201FD278} = {948059F6-A30E-406D-B497-6F219788B566}
		{81A526B5-9F46-4463-AD8A-A6EE99F889BD} = {948059F6-A30E-406D-B497-6F219788B566}
		{4108080C-A894-4E8E-A1B9-87894303B581} = {9DB05675-D35B-498D-884E-75F2B7CC5538}
		{D5380CC1-6189-4E29-8F69-B519D61EBF57} = {4108080C-A894-4E8E-A1B9-87894303B581}
		{4D042019-CD8A-4E79-B16E-FEA96AE558AF} = {A2AF6620-12D1-4E31-88C9-A15DD9D20CCA}
		{17611204-325F-46CF-A89F-00D81A5BA242} = {4108080C-A894-4E8E-A1B9-87894303B581}
		{3B25998C-F39A-4060-A09E-1A8627C1B600} = {4108080C-A894-4E8E-A1B9-87894303B581}
		{B1C3F935-5C52-4D3B-B842-565EF9AC814F} = {4108080C-A894-4E8E-A1B9-87894303B581}
		{A0048D4E-2833-4D99-9A60-063BD962864F} = {996CC259-551A-4C33-A965-7E6A03BD10CE}
		{1E96EB63-EDE5-4C91-AF26-6C57CADD38A3} = {996CC259-551A-4C33-A965-7E6A03BD10CE}
		{2602EDAA-26DF-3983-AA1E-3FCA83DCB39D} = {996CC259-551A-4C33-A965-7E6A03BD10CE}
		{21016D0D-F292-479E-8090-560509146D05} = {9DB05675-D35B-498D-884E-75F2B7CC5538}
		{47B86A9F-F49F-403A-AAA0-4935C425BF5C} = {21016D0D-F292-479E-8090-560509146D05}
		{63C26BEF-3642-47A3-A571-B1852B725DF2} = {21016D0D-F292-479E-8090-560509146D05}
		{AE2B6D5D-7519-4F06-882F-DDAA76CD3153} = {21016D0D-F292-479E-8090-560509146D05}
		{4A65B4CF-AC80-4AE8-9696-2D2634B82EED} = {21016D0D-F292-479E-8090-560509146D05}
		{7B32BB7A-1329-4527-B4DC-7C007DF912B8} = {21016D0D-F292-479E-8090-560509146D05}
		{A2071E4B-2852-4988-A7B9-B676C4A557D3} = {21016D0D-F292-479E-8090-560509146D05}
		{949BCFFA-610A-4810-8E6B-79E5DA9B01A9} = {948059F6-A30E-406D-B497-6F219788B566}
		{6E51AAF3-10BF-41FB-8A70-0C0DBF160ED9} = {948059F6-A30E-406D-B497-6F219788B566}
		{F864380E-0D63-4600-91DD-C4FFD7E8D1D8} = {4108080C-A894-4E8E-A1B9-87894303B581}
		{5229DD48-568C-4A9F-B7AF-4C4189770362} = {4108080C-A894-4E8E-A1B9-87894303B581}
	EndGlobalSection
	GlobalSection(ExtensibilityGlobals) = postSolution
		SolutionGuid = {8EF2F95F-5F4B-4D4A-B557-46AD5999EFA0}
		Qt5Version = msvc2017_64
	EndGlobalSection
EndGlobal
