<?xml version="1.0" encoding="utf-8"?>
<Project ToolsVersion="4.0" xmlns="http://schemas.microsoft.com/developer/msbuild/2003">
  <ItemGroup>
    <CustomBuild Include="debug\moc_predefs.h.cbt" />
    <CustomBuild Include="release\moc_predefs.h.cbt" />
  </ItemGroup>
  <ItemGroup>
    <Filter Include="Header Files">
      <UniqueIdentifier>{93995380-89BD-4b04-88EB-625FBE52EBFB}</UniqueIdentifier>
      <Extensions>h;hh;hpp;hxx;hm;inl;inc;xsd</Extensions>
      <ParseFiles>true</ParseFiles>
    </Filter>
    <Filter Include="Source Files">
      <UniqueIdentifier>{4FC737F1-C7A5-4376-A066-2A32D752A2FF}</UniqueIdentifier>
      <Extensions>cpp;c;cc;cxx;def;odl;idl;hpj;bat;asm;asmx</Extensions>
      <ParseFiles>true</ParseFiles>
    </Filter>
    <Filter Include="SDK">
      <UniqueIdentifier>{2028a665-ae26-4340-ab48-badeab90c3f5}</UniqueIdentifier>
    </Filter>
  </ItemGroup>
  <ItemGroup>
    <ClCompile Include="Camera_HIK.cpp">
      <Filter>Source Files</Filter>
    </ClCompile>
    <ClCompile Include="CameraHIKPlugin.cpp">
      <Filter>Source Files</Filter>
    </ClCompile>
    <ClCompile Include="MvCamera.cpp">
      <Filter>Header Files</Filter>
    </ClCompile>
  </ItemGroup>
  <ItemGroup>
    <ClInclude Include="Camera_HIK.h">
      <Filter>Header Files</Filter>
    </ClInclude>
    <ClInclude Include="MvCamera.h">
      <Filter>Header Files</Filter>
    </ClInclude>
    <ClInclude Include="SDK\Include\CameraParams.h">
      <Filter>SDK</Filter>
    </ClInclude>
    <ClInclude Include="SDK\Include\MvCameraControl.h">
      <Filter>SDK</Filter>
    </ClInclude>
    <ClInclude Include="SDK\Include\MvErrorDefine.h">
      <Filter>SDK</Filter>
    </ClInclude>
    <ClInclude Include="SDK\Include\MvISPErrorDefine.h">
      <Filter>SDK</Filter>
    </ClInclude>
    <ClInclude Include="SDK\Include\MvObsoleteInterfaces.h">
      <Filter>SDK</Filter>
    </ClInclude>
    <ClInclude Include="SDK\Include\MvSdkExport.h">
      <Filter>SDK</Filter>
    </ClInclude>
    <ClInclude Include="SDK\Include\ObsoleteCamParams.h">
      <Filter>SDK</Filter>
    </ClInclude>
    <ClInclude Include="SDK\Include\PixelType.h">
      <Filter>SDK</Filter>
    </ClInclude>
  </ItemGroup>
  <ItemGroup>
    <QtMoc Include="CameraHIKPlugin.h">
      <Filter>Header Files</Filter>
    </QtMoc>
  </ItemGroup>
  <ItemGroup>
    <None Include="CameraHIKPlugin.json" />
  </ItemGroup>
</Project>